// !$*UTF8*$!
{
	archiveVersion = 1;
	classes = {
	};
	objectVersion = 55;
	objects = {

/* Begin PBXBuildFile section */
		50320FF5286A531500A0AC3F /* AppDelegate.m in Sources */ = {isa = PBXBuildFile; fileRef = 50320FF4286A531500A0AC3F /* AppDelegate.m */; };
		50320FF8286A531500A0AC3F /* SceneDelegate.m in Sources */ = {isa = PBXBuildFile; fileRef = 50320FF7286A531500A0AC3F /* SceneDelegate.m */; };
		50320FFB286A531500A0AC3F /* LoginViewController.m in Sources */ = {isa = PBXBuildFile; fileRef = 50320FFA286A531500A0AC3F /* LoginViewController.m */; };
		50320FFE286A531500A0AC3F /* Main.storyboard in Resources */ = {isa = PBXBuildFile; fileRef = 50320FFC286A531500A0AC3F /* Main.storyboard */; };
		50321000286A531600A0AC3F /* Assets.xcassets in Resources */ = {isa = PBXBuildFile; fileRef = 50320FFF286A531600A0AC3F /* Assets.xcassets */; };
		50321003286A531600A0AC3F /* LaunchScreen.storyboard in Resources */ = {isa = PBXBuildFile; fileRef = 50321001286A531600A0AC3F /* LaunchScreen.storyboard */; };
		50321006286A531600A0AC3F /* main.m in Sources */ = {isa = PBXBuildFile; fileRef = 50321005286A531600A0AC3F /* main.m */; };
		50321010286A531600A0AC3F /* InstagramTests.m in Sources */ = {isa = PBXBuildFile; fileRef = 5032100F286A531600A0AC3F /* InstagramTests.m */; };
		5032101A286A531600A0AC3F /* InstagramUITests.m in Sources */ = {isa = PBXBuildFile; fileRef = 50321019286A531600A0AC3F /* InstagramUITests.m */; };
		5032101C286A531600A0AC3F /* InstagramUITestsLaunchTests.m in Sources */ = {isa = PBXBuildFile; fileRef = 5032101B286A531600A0AC3F /* InstagramUITestsLaunchTests.m */; };
		5032102D286ACE7F00A0AC3F /* TabBarViewController.m in Sources */ = {isa = PBXBuildFile; fileRef = 5032102C286ACE7F00A0AC3F /* TabBarViewController.m */; };
		50321030286B649200A0AC3F /* HomeFeedViewController.m in Sources */ = {isa = PBXBuildFile; fileRef = 5032102F286B649200A0AC3F /* HomeFeedViewController.m */; };
		50321036286B65B200A0AC3F /* PostCell.m in Sources */ = {isa = PBXBuildFile; fileRef = 50321035286B65B200A0AC3F /* PostCell.m */; };
		5032103C286C2E4E00A0AC3F /* DetailsViewController.m in Sources */ = {isa = PBXBuildFile; fileRef = 5032103B286C2E4E00A0AC3F /* DetailsViewController.m */; };
		50321043286CBC8100A0AC3F /* Post.m in Sources */ = {isa = PBXBuildFile; fileRef = 50321042286CBC8100A0AC3F /* Post.m */; };
		50321046286CC15500A0AC3F /* ComposeViewController.m in Sources */ = {isa = PBXBuildFile; fileRef = 50321045286CC15500A0AC3F /* ComposeViewController.m */; };
		56580AAFFA92A7B9B4588A6B /* Pods_Instagram.framework in Frameworks */ = {isa = PBXBuildFile; fileRef = 6EF664E189976E97EF8AAAAC /* Pods_Instagram.framework */; };
		57E4A23766BDA0E9F4C703AB /* Pods_InstagramTests.framework in Frameworks */ = {isa = PBXBuildFile; fileRef = 21F4A0B6216788C0D40AD74D /* Pods_InstagramTests.framework */; };
		FE4D5DB38AEF5BFA0A01D6CC /* Pods_Instagram_InstagramUITests.framework in Frameworks */ = {isa = PBXBuildFile; fileRef = E73C9432AB1E50C839E244CF /* Pods_Instagram_InstagramUITests.framework */; };
/* End PBXBuildFile section */

/* Begin PBXContainerItemProxy section */
		5032100C286A531600A0AC3F /* PBXContainerItemProxy */ = {
			isa = PBXContainerItemProxy;
			containerPortal = 50320FE8286A531500A0AC3F /* Project object */;
			proxyType = 1;
			remoteGlobalIDString = 50320FEF286A531500A0AC3F;
			remoteInfo = Instagram;
		};
		50321016286A531600A0AC3F /* PBXContainerItemProxy */ = {
			isa = PBXContainerItemProxy;
			containerPortal = 50320FE8286A531500A0AC3F /* Project object */;
			proxyType = 1;
			remoteGlobalIDString = 50320FEF286A531500A0AC3F;
			remoteInfo = Instagram;
		};
/* End PBXContainerItemProxy section */

/* Begin PBXFileReference section */
		0DF3C8458133F3CCFB1977A4 /* Pods-Instagram-InstagramUITests.debug.xcconfig */ = {isa = PBXFileReference; includeInIndex = 1; lastKnownFileType = text.xcconfig; name = "Pods-Instagram-InstagramUITests.debug.xcconfig"; path = "Target Support Files/Pods-Instagram-InstagramUITests/Pods-Instagram-InstagramUITests.debug.xcconfig"; sourceTree = "<group>"; };
		0E8B8F6864449FCC3AF0C59D /* Pods-Instagram.debug.xcconfig */ = {isa = PBXFileReference; includeInIndex = 1; lastKnownFileType = text.xcconfig; name = "Pods-Instagram.debug.xcconfig"; path = "Target Support Files/Pods-Instagram/Pods-Instagram.debug.xcconfig"; sourceTree = "<group>"; };
		21F4A0B6216788C0D40AD74D /* Pods_InstagramTests.framework */ = {isa = PBXFileReference; explicitFileType = wrapper.framework; includeInIndex = 0; path = Pods_InstagramTests.framework; sourceTree = BUILT_PRODUCTS_DIR; };
		4B660AD3766AD218887B850B /* Pods-Instagram.release.xcconfig */ = {isa = PBXFileReference; includeInIndex = 1; lastKnownFileType = text.xcconfig; name = "Pods-Instagram.release.xcconfig"; path = "Target Support Files/Pods-Instagram/Pods-Instagram.release.xcconfig"; sourceTree = "<group>"; };
		4DC7789F24060379B0815385 /* Pods-Instagram-InstagramUITests.release.xcconfig */ = {isa = PBXFileReference; includeInIndex = 1; lastKnownFileType = text.xcconfig; name = "Pods-Instagram-InstagramUITests.release.xcconfig"; path = "Target Support Files/Pods-Instagram-InstagramUITests/Pods-Instagram-InstagramUITests.release.xcconfig"; sourceTree = "<group>"; };
		50320FF0286A531500A0AC3F /* Instagram.app */ = {isa = PBXFileReference; explicitFileType = wrapper.application; includeInIndex = 0; path = Instagram.app; sourceTree = BUILT_PRODUCTS_DIR; };
		50320FF3286A531500A0AC3F /* AppDelegate.h */ = {isa = PBXFileReference; lastKnownFileType = sourcecode.c.h; path = AppDelegate.h; sourceTree = "<group>"; };
		50320FF4286A531500A0AC3F /* AppDelegate.m */ = {isa = PBXFileReference; lastKnownFileType = sourcecode.c.objc; path = AppDelegate.m; sourceTree = "<group>"; };
		50320FF6286A531500A0AC3F /* SceneDelegate.h */ = {isa = PBXFileReference; lastKnownFileType = sourcecode.c.h; path = SceneDelegate.h; sourceTree = "<group>"; };
		50320FF7286A531500A0AC3F /* SceneDelegate.m */ = {isa = PBXFileReference; lastKnownFileType = sourcecode.c.objc; path = SceneDelegate.m; sourceTree = "<group>"; };
		50320FF9286A531500A0AC3F /* LoginViewController.h */ = {isa = PBXFileReference; lastKnownFileType = sourcecode.c.h; path = LoginViewController.h; sourceTree = "<group>"; };
		50320FFA286A531500A0AC3F /* LoginViewController.m */ = {isa = PBXFileReference; lastKnownFileType = sourcecode.c.objc; path = LoginViewController.m; sourceTree = "<group>"; };
		50320FFD286A531500A0AC3F /* Base */ = {isa = PBXFileReference; lastKnownFileType = file.storyboard; name = Base; path = Base.lproj/Main.storyboard; sourceTree = "<group>"; };
		50320FFF286A531600A0AC3F /* Assets.xcassets */ = {isa = PBXFileReference; lastKnownFileType = folder.assetcatalog; path = Assets.xcassets; sourceTree = "<group>"; };
		50321002286A531600A0AC3F /* Base */ = {isa = PBXFileReference; lastKnownFileType = file.storyboard; name = Base; path = Base.lproj/LaunchScreen.storyboard; sourceTree = "<group>"; };
		50321004286A531600A0AC3F /* Info.plist */ = {isa = PBXFileReference; lastKnownFileType = text.plist.xml; path = Info.plist; sourceTree = "<group>"; };
		50321005286A531600A0AC3F /* main.m */ = {isa = PBXFileReference; lastKnownFileType = sourcecode.c.objc; path = main.m; sourceTree = "<group>"; };
		5032100B286A531600A0AC3F /* InstagramTests.xctest */ = {isa = PBXFileReference; explicitFileType = wrapper.cfbundle; includeInIndex = 0; path = InstagramTests.xctest; sourceTree = BUILT_PRODUCTS_DIR; };
		5032100F286A531600A0AC3F /* InstagramTests.m */ = {isa = PBXFileReference; lastKnownFileType = sourcecode.c.objc; path = InstagramTests.m; sourceTree = "<group>"; };
		50321015286A531600A0AC3F /* InstagramUITests.xctest */ = {isa = PBXFileReference; explicitFileType = wrapper.cfbundle; includeInIndex = 0; path = InstagramUITests.xctest; sourceTree = BUILT_PRODUCTS_DIR; };
		50321019286A531600A0AC3F /* InstagramUITests.m */ = {isa = PBXFileReference; lastKnownFileType = sourcecode.c.objc; path = InstagramUITests.m; sourceTree = "<group>"; };
		5032101B286A531600A0AC3F /* InstagramUITestsLaunchTests.m */ = {isa = PBXFileReference; lastKnownFileType = sourcecode.c.objc; path = InstagramUITestsLaunchTests.m; sourceTree = "<group>"; };
		5032102B286ACE7F00A0AC3F /* TabBarViewController.h */ = {isa = PBXFileReference; lastKnownFileType = sourcecode.c.h; path = TabBarViewController.h; sourceTree = "<group>"; };
		5032102C286ACE7F00A0AC3F /* TabBarViewController.m */ = {isa = PBXFileReference; lastKnownFileType = sourcecode.c.objc; path = TabBarViewController.m; sourceTree = "<group>"; };
		5032102E286B649200A0AC3F /* HomeFeedViewController.h */ = {isa = PBXFileReference; lastKnownFileType = sourcecode.c.h; path = HomeFeedViewController.h; sourceTree = "<group>"; };
		5032102F286B649200A0AC3F /* HomeFeedViewController.m */ = {isa = PBXFileReference; lastKnownFileType = sourcecode.c.objc; path = HomeFeedViewController.m; sourceTree = "<group>"; };
		50321034286B65B200A0AC3F /* PostCell.h */ = {isa = PBXFileReference; lastKnownFileType = sourcecode.c.h; path = PostCell.h; sourceTree = "<group>"; };
		50321035286B65B200A0AC3F /* PostCell.m */ = {isa = PBXFileReference; lastKnownFileType = sourcecode.c.objc; path = PostCell.m; sourceTree = "<group>"; };
		5032103A286C2E4E00A0AC3F /* DetailsViewController.h */ = {isa = PBXFileReference; lastKnownFileType = sourcecode.c.h; path = DetailsViewController.h; sourceTree = "<group>"; };
		5032103B286C2E4E00A0AC3F /* DetailsViewController.m */ = {isa = PBXFileReference; lastKnownFileType = sourcecode.c.objc; path = DetailsViewController.m; sourceTree = "<group>"; };
		50321041286CBC8100A0AC3F /* Post.h */ = {isa = PBXFileReference; lastKnownFileType = sourcecode.c.h; path = Post.h; sourceTree = "<group>"; };
		50321042286CBC8100A0AC3F /* Post.m */ = {isa = PBXFileReference; lastKnownFileType = sourcecode.c.objc; path = Post.m; sourceTree = "<group>"; };
		50321044286CC15500A0AC3F /* ComposeViewController.h */ = {isa = PBXFileReference; lastKnownFileType = sourcecode.c.h; path = ComposeViewController.h; sourceTree = "<group>"; };
		50321045286CC15500A0AC3F /* ComposeViewController.m */ = {isa = PBXFileReference; lastKnownFileType = sourcecode.c.objc; path = ComposeViewController.m; sourceTree = "<group>"; };
		538340FA201967CD89A8DA9B /* Pods-InstagramTests.debug.xcconfig */ = {isa = PBXFileReference; includeInIndex = 1; lastKnownFileType = text.xcconfig; name = "Pods-InstagramTests.debug.xcconfig"; path = "Target Support Files/Pods-InstagramTests/Pods-InstagramTests.debug.xcconfig"; sourceTree = "<group>"; };
		6EF664E189976E97EF8AAAAC /* Pods_Instagram.framework */ = {isa = PBXFileReference; explicitFileType = wrapper.framework; includeInIndex = 0; path = Pods_Instagram.framework; sourceTree = BUILT_PRODUCTS_DIR; };
		A9AC763E256B7A6E6E92CC49 /* Pods-InstagramTests.release.xcconfig */ = {isa = PBXFileReference; includeInIndex = 1; lastKnownFileType = text.xcconfig; name = "Pods-InstagramTests.release.xcconfig"; path = "Target Support Files/Pods-InstagramTests/Pods-InstagramTests.release.xcconfig"; sourceTree = "<group>"; };
		E73C9432AB1E50C839E244CF /* Pods_Instagram_InstagramUITests.framework */ = {isa = PBXFileReference; explicitFileType = wrapper.framework; includeInIndex = 0; path = Pods_Instagram_InstagramUITests.framework; sourceTree = BUILT_PRODUCTS_DIR; };
/* End PBXFileReference section */

/* Begin PBXFrameworksBuildPhase section */
		50320FED286A531500A0AC3F /* Frameworks */ = {
			isa = PBXFrameworksBuildPhase;
			buildActionMask = 2147483647;
			files = (
				56580AAFFA92A7B9B4588A6B /* Pods_Instagram.framework in Frameworks */,
			);
			runOnlyForDeploymentPostprocessing = 0;
		};
		50321008286A531600A0AC3F /* Frameworks */ = {
			isa = PBXFrameworksBuildPhase;
			buildActionMask = 2147483647;
			files = (
				57E4A23766BDA0E9F4C703AB /* Pods_InstagramTests.framework in Frameworks */,
			);
			runOnlyForDeploymentPostprocessing = 0;
		};
		50321012286A531600A0AC3F /* Frameworks */ = {
			isa = PBXFrameworksBuildPhase;
			buildActionMask = 2147483647;
			files = (
				FE4D5DB38AEF5BFA0A01D6CC /* Pods_Instagram_InstagramUITests.framework in Frameworks */,
			);
			runOnlyForDeploymentPostprocessing = 0;
		};
/* End PBXFrameworksBuildPhase section */

/* Begin PBXGroup section */
		50320FE7286A531500A0AC3F = {
			isa = PBXGroup;
			children = (
				50320FF2286A531500A0AC3F /* Instagram */,
				5032100E286A531600A0AC3F /* InstagramTests */,
				50321018286A531600A0AC3F /* InstagramUITests */,
				50320FF1286A531500A0AC3F /* Products */,
				E6FFBA34258E1F9422A3DC5A /* Pods */,
				C434EA34227EDA8EA4F73EB3 /* Frameworks */,
			);
			sourceTree = "<group>";
		};
		50320FF1286A531500A0AC3F /* Products */ = {
			isa = PBXGroup;
			children = (
				50320FF0286A531500A0AC3F /* Instagram.app */,
				5032100B286A531600A0AC3F /* InstagramTests.xctest */,
				50321015286A531600A0AC3F /* InstagramUITests.xctest */,
			);
			name = Products;
			sourceTree = "<group>";
		};
		50320FF2286A531500A0AC3F /* Instagram */ = {
			isa = PBXGroup;
			children = (
				5032103D286C2F1A00A0AC3F /* ViewControllers */,
				50320FF3286A531500A0AC3F /* AppDelegate.h */,
				50320FF4286A531500A0AC3F /* AppDelegate.m */,
				50320FF6286A531500A0AC3F /* SceneDelegate.h */,
				50320FF7286A531500A0AC3F /* SceneDelegate.m */,
				50320FFC286A531500A0AC3F /* Main.storyboard */,
				50320FFF286A531600A0AC3F /* Assets.xcassets */,
				50321001286A531600A0AC3F /* LaunchScreen.storyboard */,
				50321004286A531600A0AC3F /* Info.plist */,
				50321005286A531600A0AC3F /* main.m */,
				50321034286B65B200A0AC3F /* PostCell.h */,
				50321035286B65B200A0AC3F /* PostCell.m */,
				50321041286CBC8100A0AC3F /* Post.h */,
				50321042286CBC8100A0AC3F /* Post.m */,
			);
			path = Instagram;
			sourceTree = "<group>";
		};
		5032100E286A531600A0AC3F /* InstagramTests */ = {
			isa = PBXGroup;
			children = (
				5032100F286A531600A0AC3F /* InstagramTests.m */,
			);
			path = InstagramTests;
			sourceTree = "<group>";
		};
		50321018286A531600A0AC3F /* InstagramUITests */ = {
			isa = PBXGroup;
			children = (
				50321019286A531600A0AC3F /* InstagramUITests.m */,
				5032101B286A531600A0AC3F /* InstagramUITestsLaunchTests.m */,
			);
			path = InstagramUITests;
			sourceTree = "<group>";
		};
		5032103D286C2F1A00A0AC3F /* ViewControllers */ = {
			isa = PBXGroup;
			children = (
				5032103A286C2E4E00A0AC3F /* DetailsViewController.h */,
				5032103B286C2E4E00A0AC3F /* DetailsViewController.m */,
				5032102B286ACE7F00A0AC3F /* TabBarViewController.h */,
				5032102C286ACE7F00A0AC3F /* TabBarViewController.m */,
				5032102E286B649200A0AC3F /* HomeFeedViewController.h */,
				5032102F286B649200A0AC3F /* HomeFeedViewController.m */,
				50320FF9286A531500A0AC3F /* LoginViewController.h */,
				50320FFA286A531500A0AC3F /* LoginViewController.m */,
				50321044286CC15500A0AC3F /* ComposeViewController.h */,
				50321045286CC15500A0AC3F /* ComposeViewController.m */,
			);
			path = ViewControllers;
			sourceTree = "<group>";
		};
		C434EA34227EDA8EA4F73EB3 /* Frameworks */ = {
			isa = PBXGroup;
			children = (
				6EF664E189976E97EF8AAAAC /* Pods_Instagram.framework */,
				E73C9432AB1E50C839E244CF /* Pods_Instagram_InstagramUITests.framework */,
				21F4A0B6216788C0D40AD74D /* Pods_InstagramTests.framework */,
			);
			name = Frameworks;
			sourceTree = "<group>";
		};
		E6FFBA34258E1F9422A3DC5A /* Pods */ = {
			isa = PBXGroup;
			children = (
				0E8B8F6864449FCC3AF0C59D /* Pods-Instagram.debug.xcconfig */,
				4B660AD3766AD218887B850B /* Pods-Instagram.release.xcconfig */,
				0DF3C8458133F3CCFB1977A4 /* Pods-Instagram-InstagramUITests.debug.xcconfig */,
				4DC7789F24060379B0815385 /* Pods-Instagram-InstagramUITests.release.xcconfig */,
				538340FA201967CD89A8DA9B /* Pods-InstagramTests.debug.xcconfig */,
				A9AC763E256B7A6E6E92CC49 /* Pods-InstagramTests.release.xcconfig */,
			);
			path = Pods;
			sourceTree = "<group>";
		};
/* End PBXGroup section */

/* Begin PBXNativeTarget section */
		50320FEF286A531500A0AC3F /* Instagram */ = {
			isa = PBXNativeTarget;
			buildConfigurationList = 5032101F286A531600A0AC3F /* Build configuration list for PBXNativeTarget "Instagram" */;
			buildPhases = (
				C1F88E642063154D23E09B3D /* [CP] Check Pods Manifest.lock */,
				50320FEC286A531500A0AC3F /* Sources */,
				50320FED286A531500A0AC3F /* Frameworks */,
				50320FEE286A531500A0AC3F /* Resources */,
				EB4388058AEBC119A23835A2 /* [CP] Embed Pods Frameworks */,
			);
			buildRules = (
			);
			dependencies = (
			);
			name = Instagram;
			productName = Instagram;
			productReference = 50320FF0286A531500A0AC3F /* Instagram.app */;
			productType = "com.apple.product-type.application";
		};
		5032100A286A531600A0AC3F /* InstagramTests */ = {
			isa = PBXNativeTarget;
			buildConfigurationList = 50321022286A531600A0AC3F /* Build configuration list for PBXNativeTarget "InstagramTests" */;
			buildPhases = (
				EF0FC72DDBED457614550F46 /* [CP] Check Pods Manifest.lock */,
				50321007286A531600A0AC3F /* Sources */,
				50321008286A531600A0AC3F /* Frameworks */,
				50321009286A531600A0AC3F /* Resources */,
			);
			buildRules = (
			);
			dependencies = (
				5032100D286A531600A0AC3F /* PBXTargetDependency */,
			);
			name = InstagramTests;
			productName = InstagramTests;
			productReference = 5032100B286A531600A0AC3F /* InstagramTests.xctest */;
			productType = "com.apple.product-type.bundle.unit-test";
		};
		50321014286A531600A0AC3F /* InstagramUITests */ = {
			isa = PBXNativeTarget;
			buildConfigurationList = 50321025286A531600A0AC3F /* Build configuration list for PBXNativeTarget "InstagramUITests" */;
			buildPhases = (
				949D1A452630E4A7748C12EC /* [CP] Check Pods Manifest.lock */,
				50321011286A531600A0AC3F /* Sources */,
				50321012286A531600A0AC3F /* Frameworks */,
				50321013286A531600A0AC3F /* Resources */,
				EDBD4DA0C912641FA6060F71 /* [CP] Embed Pods Frameworks */,
			);
			buildRules = (
			);
			dependencies = (
				50321017286A531600A0AC3F /* PBXTargetDependency */,
			);
			name = InstagramUITests;
			productName = InstagramUITests;
			productReference = 50321015286A531600A0AC3F /* InstagramUITests.xctest */;
			productType = "com.apple.product-type.bundle.ui-testing";
		};
/* End PBXNativeTarget section */

/* Begin PBXProject section */
		50320FE8286A531500A0AC3F /* Project object */ = {
			isa = PBXProject;
			attributes = {
				BuildIndependentTargetsInParallel = 1;
				LastUpgradeCheck = 1340;
				TargetAttributes = {
					50320FEF286A531500A0AC3F = {
						CreatedOnToolsVersion = 13.4.1;
					};
					5032100A286A531600A0AC3F = {
						CreatedOnToolsVersion = 13.4.1;
						TestTargetID = 50320FEF286A531500A0AC3F;
					};
					50321014286A531600A0AC3F = {
						CreatedOnToolsVersion = 13.4.1;
						TestTargetID = 50320FEF286A531500A0AC3F;
					};
				};
			};
			buildConfigurationList = 50320FEB286A531500A0AC3F /* Build configuration list for PBXProject "Instagram" */;
			compatibilityVersion = "Xcode 13.0";
			developmentRegion = en;
			hasScannedForEncodings = 0;
			knownRegions = (
				en,
				Base,
			);
			mainGroup = 50320FE7286A531500A0AC3F;
			productRefGroup = 50320FF1286A531500A0AC3F /* Products */;
			projectDirPath = "";
			projectRoot = "";
			targets = (
				50320FEF286A531500A0AC3F /* Instagram */,
				5032100A286A531600A0AC3F /* InstagramTests */,
				50321014286A531600A0AC3F /* InstagramUITests */,
			);
		};
/* End PBXProject section */

/* Begin PBXResourcesBuildPhase section */
		50320FEE286A531500A0AC3F /* Resources */ = {
			isa = PBXResourcesBuildPhase;
			buildActionMask = 2147483647;
			files = (
				50321003286A531600A0AC3F /* LaunchScreen.storyboard in Resources */,
				50321000286A531600A0AC3F /* Assets.xcassets in Resources */,
				50320FFE286A531500A0AC3F /* Main.storyboard in Resources */,
			);
			runOnlyForDeploymentPostprocessing = 0;
		};
		50321009286A531600A0AC3F /* Resources */ = {
			isa = PBXResourcesBuildPhase;
			buildActionMask = 2147483647;
			files = (
			);
			runOnlyForDeploymentPostprocessing = 0;
		};
		50321013286A531600A0AC3F /* Resources */ = {
			isa = PBXResourcesBuildPhase;
			buildActionMask = 2147483647;
			files = (
			);
			runOnlyForDeploymentPostprocessing = 0;
		};
/* End PBXResourcesBuildPhase section */

/* Begin PBXShellScriptBuildPhase section */
		949D1A452630E4A7748C12EC /* [CP] Check Pods Manifest.lock */ = {
			isa = PBXShellScriptBuildPhase;
			buildActionMask = 2147483647;
			files = (
			);
			inputFileListPaths = (
			);
			inputPaths = (
				"${PODS_PODFILE_DIR_PATH}/Podfile.lock",
				"${PODS_ROOT}/Manifest.lock",
			);
			name = "[CP] Check Pods Manifest.lock";
			outputFileListPaths = (
			);
			outputPaths = (
				"$(DERIVED_FILE_DIR)/Pods-Instagram-InstagramUITests-checkManifestLockResult.txt",
			);
			runOnlyForDeploymentPostprocessing = 0;
			shellPath = /bin/sh;
			shellScript = "diff \"${PODS_PODFILE_DIR_PATH}/Podfile.lock\" \"${PODS_ROOT}/Manifest.lock\" > /dev/null\nif [ $? != 0 ] ; then\n    # print error to STDERR\n    echo \"error: The sandbox is not in sync with the Podfile.lock. Run 'pod install' or update your CocoaPods installation.\" >&2\n    exit 1\nfi\n# This output is used by Xcode 'outputs' to avoid re-running this script phase.\necho \"SUCCESS\" > \"${SCRIPT_OUTPUT_FILE_0}\"\n";
			showEnvVarsInLog = 0;
		};
		C1F88E642063154D23E09B3D /* [CP] Check Pods Manifest.lock */ = {
			isa = PBXShellScriptBuildPhase;
			buildActionMask = 2147483647;
			files = (
			);
			inputFileListPaths = (
			);
			inputPaths = (
				"${PODS_PODFILE_DIR_PATH}/Podfile.lock",
				"${PODS_ROOT}/Manifest.lock",
			);
			name = "[CP] Check Pods Manifest.lock";
			outputFileListPaths = (
			);
			outputPaths = (
				"$(DERIVED_FILE_DIR)/Pods-Instagram-checkManifestLockResult.txt",
			);
			runOnlyForDeploymentPostprocessing = 0;
			shellPath = /bin/sh;
			shellScript = "diff \"${PODS_PODFILE_DIR_PATH}/Podfile.lock\" \"${PODS_ROOT}/Manifest.lock\" > /dev/null\nif [ $? != 0 ] ; then\n    # print error to STDERR\n    echo \"error: The sandbox is not in sync with the Podfile.lock. Run 'pod install' or update your CocoaPods installation.\" >&2\n    exit 1\nfi\n# This output is used by Xcode 'outputs' to avoid re-running this script phase.\necho \"SUCCESS\" > \"${SCRIPT_OUTPUT_FILE_0}\"\n";
			showEnvVarsInLog = 0;
		};
		EB4388058AEBC119A23835A2 /* [CP] Embed Pods Frameworks */ = {
			isa = PBXShellScriptBuildPhase;
			buildActionMask = 2147483647;
			files = (
			);
			inputFileListPaths = (
				"${PODS_ROOT}/Target Support Files/Pods-Instagram/Pods-Instagram-frameworks-${CONFIGURATION}-input-files.xcfilelist",
			);
			name = "[CP] Embed Pods Frameworks";
			outputFileListPaths = (
				"${PODS_ROOT}/Target Support Files/Pods-Instagram/Pods-Instagram-frameworks-${CONFIGURATION}-output-files.xcfilelist",
			);
			runOnlyForDeploymentPostprocessing = 0;
			shellPath = /bin/sh;
			shellScript = "\"${PODS_ROOT}/Target Support Files/Pods-Instagram/Pods-Instagram-frameworks.sh\"\n";
			showEnvVarsInLog = 0;
		};
		EDBD4DA0C912641FA6060F71 /* [CP] Embed Pods Frameworks */ = {
			isa = PBXShellScriptBuildPhase;
			buildActionMask = 2147483647;
			files = (
			);
			inputFileListPaths = (
				"${PODS_ROOT}/Target Support Files/Pods-Instagram-InstagramUITests/Pods-Instagram-InstagramUITests-frameworks-${CONFIGURATION}-input-files.xcfilelist",
			);
			name = "[CP] Embed Pods Frameworks";
			outputFileListPaths = (
				"${PODS_ROOT}/Target Support Files/Pods-Instagram-InstagramUITests/Pods-Instagram-InstagramUITests-frameworks-${CONFIGURATION}-output-files.xcfilelist",
			);
			runOnlyForDeploymentPostprocessing = 0;
			shellPath = /bin/sh;
			shellScript = "\"${PODS_ROOT}/Target Support Files/Pods-Instagram-InstagramUITests/Pods-Instagram-InstagramUITests-frameworks.sh\"\n";
			showEnvVarsInLog = 0;
		};
		EF0FC72DDBED457614550F46 /* [CP] Check Pods Manifest.lock */ = {
			isa = PBXShellScriptBuildPhase;
			buildActionMask = 2147483647;
			files = (
			);
			inputFileListPaths = (
			);
			inputPaths = (
				"${PODS_PODFILE_DIR_PATH}/Podfile.lock",
				"${PODS_ROOT}/Manifest.lock",
			);
			name = "[CP] Check Pods Manifest.lock";
			outputFileListPaths = (
			);
			outputPaths = (
				"$(DERIVED_FILE_DIR)/Pods-InstagramTests-checkManifestLockResult.txt",
			);
			runOnlyForDeploymentPostprocessing = 0;
			shellPath = /bin/sh;
			shellScript = "diff \"${PODS_PODFILE_DIR_PATH}/Podfile.lock\" \"${PODS_ROOT}/Manifest.lock\" > /dev/null\nif [ $? != 0 ] ; then\n    # print error to STDERR\n    echo \"error: The sandbox is not in sync with the Podfile.lock. Run 'pod install' or update your CocoaPods installation.\" >&2\n    exit 1\nfi\n# This output is used by Xcode 'outputs' to avoid re-running this script phase.\necho \"SUCCESS\" > \"${SCRIPT_OUTPUT_FILE_0}\"\n";
			showEnvVarsInLog = 0;
		};
/* End PBXShellScriptBuildPhase section */

/* Begin PBXSourcesBuildPhase section */
		50320FEC286A531500A0AC3F /* Sources */ = {
			isa = PBXSourcesBuildPhase;
			buildActionMask = 2147483647;
			files = (
				5032102D286ACE7F00A0AC3F /* TabBarViewController.m in Sources */,
				50321030286B649200A0AC3F /* HomeFeedViewController.m in Sources */,
				50320FFB286A531500A0AC3F /* LoginViewController.m in Sources */,
				50321046286CC15500A0AC3F /* ComposeViewController.m in Sources */,
				50320FF5286A531500A0AC3F /* AppDelegate.m in Sources */,
				50321036286B65B200A0AC3F /* PostCell.m in Sources */,
				50321043286CBC8100A0AC3F /* Post.m in Sources */,
				50321006286A531600A0AC3F /* main.m in Sources */,
				5032103C286C2E4E00A0AC3F /* DetailsViewController.m in Sources */,
				50320FF8286A531500A0AC3F /* SceneDelegate.m in Sources */,
			);
			runOnlyForDeploymentPostprocessing = 0;
		};
		50321007286A531600A0AC3F /* Sources */ = {
			isa = PBXSourcesBuildPhase;
			buildActionMask = 2147483647;
			files = (
				50321010286A531600A0AC3F /* InstagramTests.m in Sources */,
			);
			runOnlyForDeploymentPostprocessing = 0;
		};
		50321011286A531600A0AC3F /* Sources */ = {
			isa = PBXSourcesBuildPhase;
			buildActionMask = 2147483647;
			files = (
				5032101A286A531600A0AC3F /* InstagramUITests.m in Sources */,
				5032101C286A531600A0AC3F /* InstagramUITestsLaunchTests.m in Sources */,
			);
			runOnlyForDeploymentPostprocessing = 0;
		};
/* End PBXSourcesBuildPhase section */

/* Begin PBXTargetDependency section */
		5032100D286A531600A0AC3F /* PBXTargetDependency */ = {
			isa = PBXTargetDependency;
			target = 50320FEF286A531500A0AC3F /* Instagram */;
			targetProxy = 5032100C286A531600A0AC3F /* PBXContainerItemProxy */;
		};
		50321017286A531600A0AC3F /* PBXTargetDependency */ = {
			isa = PBXTargetDependency;
			target = 50320FEF286A531500A0AC3F /* Instagram */;
			targetProxy = 50321016286A531600A0AC3F /* PBXContainerItemProxy */;
		};
/* End PBXTargetDependency section */

/* Begin PBXVariantGroup section */
		50320FFC286A531500A0AC3F /* Main.storyboard */ = {
			isa = PBXVariantGroup;
			children = (
				50320FFD286A531500A0AC3F /* Base */,
			);
			name = Main.storyboard;
			sourceTree = "<group>";
		};
		50321001286A531600A0AC3F /* LaunchScreen.storyboard */ = {
			isa = PBXVariantGroup;
			children = (
				50321002286A531600A0AC3F /* Base */,
			);
			name = LaunchScreen.storyboard;
			sourceTree = "<group>";
		};
/* End PBXVariantGroup section */

/* Begin XCBuildConfiguration section */
		5032101D286A531600A0AC3F /* Debug */ = {
			isa = XCBuildConfiguration;
			buildSettings = {
				ALWAYS_SEARCH_USER_PATHS = NO;
				CLANG_ANALYZER_NONNULL = YES;
				CLANG_ANALYZER_NUMBER_OBJECT_CONVERSION = YES_AGGRESSIVE;
				CLANG_CXX_LANGUAGE_STANDARD = "gnu++17";
				CLANG_ENABLE_MODULES = YES;
				CLANG_ENABLE_OBJC_ARC = YES;
				CLANG_ENABLE_OBJC_WEAK = YES;
				CLANG_WARN_BLOCK_CAPTURE_AUTORELEASING = YES;
				CLANG_WARN_BOOL_CONVERSION = YES;
				CLANG_WARN_COMMA = YES;
				CLANG_WARN_CONSTANT_CONVERSION = YES;
				CLANG_WARN_DEPRECATED_OBJC_IMPLEMENTATIONS = YES;
				CLANG_WARN_DIRECT_OBJC_ISA_USAGE = YES_ERROR;
				CLANG_WARN_DOCUMENTATION_COMMENTS = YES;
				CLANG_WARN_EMPTY_BODY = YES;
				CLANG_WARN_ENUM_CONVERSION = YES;
				CLANG_WARN_INFINITE_RECURSION = YES;
				CLANG_WARN_INT_CONVERSION = YES;
				CLANG_WARN_NON_LITERAL_NULL_CONVERSION = YES;
				CLANG_WARN_OBJC_IMPLICIT_RETAIN_SELF = YES;
				CLANG_WARN_OBJC_LITERAL_CONVERSION = YES;
				CLANG_WARN_OBJC_ROOT_CLASS = YES_ERROR;
				CLANG_WARN_QUOTED_INCLUDE_IN_FRAMEWORK_HEADER = YES;
				CLANG_WARN_RANGE_LOOP_ANALYSIS = YES;
				CLANG_WARN_STRICT_PROTOTYPES = YES;
				CLANG_WARN_SUSPICIOUS_MOVE = YES;
				CLANG_WARN_UNGUARDED_AVAILABILITY = YES_AGGRESSIVE;
				CLANG_WARN_UNREACHABLE_CODE = YES;
				CLANG_WARN__DUPLICATE_METHOD_MATCH = YES;
				COPY_PHASE_STRIP = NO;
				DEBUG_INFORMATION_FORMAT = dwarf;
				ENABLE_STRICT_OBJC_MSGSEND = YES;
				ENABLE_TESTABILITY = YES;
				GCC_C_LANGUAGE_STANDARD = gnu11;
				GCC_DYNAMIC_NO_PIC = NO;
				GCC_NO_COMMON_BLOCKS = YES;
				GCC_OPTIMIZATION_LEVEL = 0;
				GCC_PREPROCESSOR_DEFINITIONS = (
					"DEBUG=1",
					"$(inherited)",
				);
				GCC_WARN_64_TO_32_BIT_CONVERSION = YES;
				GCC_WARN_ABOUT_RETURN_TYPE = YES_ERROR;
				GCC_WARN_UNDECLARED_SELECTOR = YES;
				GCC_WARN_UNINITIALIZED_AUTOS = YES_AGGRESSIVE;
				GCC_WARN_UNUSED_FUNCTION = YES;
				GCC_WARN_UNUSED_VARIABLE = YES;
				IPHONEOS_DEPLOYMENT_TARGET = 15.5;
				MTL_ENABLE_DEBUG_INFO = INCLUDE_SOURCE;
				MTL_FAST_MATH = YES;
				ONLY_ACTIVE_ARCH = YES;
				SDKROOT = iphoneos;
			};
			name = Debug;
		};
		5032101E286A531600A0AC3F /* Release */ = {
			isa = XCBuildConfiguration;
			buildSettings = {
				ALWAYS_SEARCH_USER_PATHS = NO;
				CLANG_ANALYZER_NONNULL = YES;
				CLANG_ANALYZER_NUMBER_OBJECT_CONVERSION = YES_AGGRESSIVE;
				CLANG_CXX_LANGUAGE_STANDARD = "gnu++17";
				CLANG_ENABLE_MODULES = YES;
				CLANG_ENABLE_OBJC_ARC = YES;
				CLANG_ENABLE_OBJC_WEAK = YES;
				CLANG_WARN_BLOCK_CAPTURE_AUTORELEASING = YES;
				CLANG_WARN_BOOL_CONVERSION = YES;
				CLANG_WARN_COMMA = YES;
				CLANG_WARN_CONSTANT_CONVERSION = YES;
				CLANG_WARN_DEPRECATED_OBJC_IMPLEMENTATIONS = YES;
				CLANG_WARN_DIRECT_OBJC_ISA_USAGE = YES_ERROR;
				CLANG_WARN_DOCUMENTATION_COMMENTS = YES;
				CLANG_WARN_EMPTY_BODY = YES;
				CLANG_WARN_ENUM_CONVERSION = YES;
				CLANG_WARN_INFINITE_RECURSION = YES;
				CLANG_WARN_INT_CONVERSION = YES;
				CLANG_WARN_NON_LITERAL_NULL_CONVERSION = YES;
				CLANG_WARN_OBJC_IMPLICIT_RETAIN_SELF = YES;
				CLANG_WARN_OBJC_LITERAL_CONVERSION = YES;
				CLANG_WARN_OBJC_ROOT_CLASS = YES_ERROR;
				CLANG_WARN_QUOTED_INCLUDE_IN_FRAMEWORK_HEADER = YES;
				CLANG_WARN_RANGE_LOOP_ANALYSIS = YES;
				CLANG_WARN_STRICT_PROTOTYPES = YES;
				CLANG_WARN_SUSPICIOUS_MOVE = YES;
				CLANG_WARN_UNGUARDED_AVAILABILITY = YES_AGGRESSIVE;
				CLANG_WARN_UNREACHABLE_CODE = YES;
				CLANG_WARN__DUPLICATE_METHOD_MATCH = YES;
				COPY_PHASE_STRIP = NO;
				DEBUG_INFORMATION_FORMAT = "dwarf-with-dsym";
				ENABLE_NS_ASSERTIONS = NO;
				ENABLE_STRICT_OBJC_MSGSEND = YES;
				GCC_C_LANGUAGE_STANDARD = gnu11;
				GCC_NO_COMMON_BLOCKS = YES;
				GCC_WARN_64_TO_32_BIT_CONVERSION = YES;
				GCC_WARN_ABOUT_RETURN_TYPE = YES_ERROR;
				GCC_WARN_UNDECLARED_SELECTOR = YES;
				GCC_WARN_UNINITIALIZED_AUTOS = YES_AGGRESSIVE;
				GCC_WARN_UNUSED_FUNCTION = YES;
				GCC_WARN_UNUSED_VARIABLE = YES;
				IPHONEOS_DEPLOYMENT_TARGET = 15.5;
				MTL_ENABLE_DEBUG_INFO = NO;
				MTL_FAST_MATH = YES;
				SDKROOT = iphoneos;
				VALIDATE_PRODUCT = YES;
			};
			name = Release;
		};
		50321020286A531600A0AC3F /* Debug */ = {
			isa = XCBuildConfiguration;
			baseConfigurationReference = 0E8B8F6864449FCC3AF0C59D /* Pods-Instagram.debug.xcconfig */;
			buildSettings = {
				ASSETCATALOG_COMPILER_APPICON_NAME = AppIcon;
				ASSETCATALOG_COMPILER_GLOBAL_ACCENT_COLOR_NAME = AccentColor;
				CODE_SIGN_STYLE = Automatic;
				CURRENT_PROJECT_VERSION = 1;
				DEVELOPMENT_TEAM = X7RG9A85CS;
				GENERATE_INFOPLIST_FILE = YES;
				INFOPLIST_FILE = Instagram/Info.plist;
				INFOPLIST_KEY_UIApplicationSupportsIndirectInputEvents = YES;
				INFOPLIST_KEY_UILaunchStoryboardName = LaunchScreen;
				INFOPLIST_KEY_UIMainStoryboardFile = Main;
				INFOPLIST_KEY_UISupportedInterfaceOrientations_iPad = "UIInterfaceOrientationPortrait UIInterfaceOrientationPortraitUpsideDown UIInterfaceOrientationLandscapeLeft UIInterfaceOrientationLandscapeRight";
				INFOPLIST_KEY_UISupportedInterfaceOrientations_iPhone = "UIInterfaceOrientationPortrait UIInterfaceOrientationLandscapeLeft UIInterfaceOrientationLandscapeRight";
				LD_RUNPATH_SEARCH_PATHS = (
					"$(inherited)",
					"@executable_path/Frameworks",
				);
				MARKETING_VERSION = 1.0;
				PRODUCT_BUNDLE_IDENTIFIER = com.codepath.Instagram;
				PRODUCT_NAME = "$(TARGET_NAME)";
				SWIFT_EMIT_LOC_STRINGS = YES;
				TARGETED_DEVICE_FAMILY = "1,2";
			};
			name = Debug;
		};
		50321021286A531600A0AC3F /* Release */ = {
			isa = XCBuildConfiguration;
			baseConfigurationReference = 4B660AD3766AD218887B850B /* Pods-Instagram.release.xcconfig */;
			buildSettings = {
				ASSETCATALOG_COMPILER_APPICON_NAME = AppIcon;
				ASSETCATALOG_COMPILER_GLOBAL_ACCENT_COLOR_NAME = AccentColor;
				CODE_SIGN_STYLE = Automatic;
				CURRENT_PROJECT_VERSION = 1;
				DEVELOPMENT_TEAM = X7RG9A85CS;
				GENERATE_INFOPLIST_FILE = YES;
				INFOPLIST_FILE = Instagram/Info.plist;
				INFOPLIST_KEY_UIApplicationSupportsIndirectInputEvents = YES;
				INFOPLIST_KEY_UILaunchStoryboardName = LaunchScreen;
				INFOPLIST_KEY_UIMainStoryboardFile = Main;
				INFOPLIST_KEY_UISupportedInterfaceOrientations_iPad = "UIInterfaceOrientationPortrait UIInterfaceOrientationPortraitUpsideDown UIInterfaceOrientationLandscapeLeft UIInterfaceOrientationLandscapeRight";
				INFOPLIST_KEY_UISupportedInterfaceOrientations_iPhone = "UIInterfaceOrientationPortrait UIInterfaceOrientationLandscapeLeft UIInterfaceOrientationLandscapeRight";
				LD_RUNPATH_SEARCH_PATHS = (
					"$(inherited)",
					"@executable_path/Frameworks",
				);
				MARKETING_VERSION = 1.0;
				PRODUCT_BUNDLE_IDENTIFIER = com.codepath.Instagram;
				PRODUCT_NAME = "$(TARGET_NAME)";
				SWIFT_EMIT_LOC_STRINGS = YES;
				TARGETED_DEVICE_FAMILY = "1,2";
			};
			name = Release;
		};
		50321023286A531600A0AC3F /* Debug */ = {
			isa = XCBuildConfiguration;
			baseConfigurationReference = 538340FA201967CD89A8DA9B /* Pods-InstagramTests.debug.xcconfig */;
			buildSettings = {
				BUNDLE_LOADER = "$(TEST_HOST)";
				CODE_SIGN_STYLE = Automatic;
				CURRENT_PROJECT_VERSION = 1;
				DEVELOPMENT_TEAM = X7RG9A85CS;
				GENERATE_INFOPLIST_FILE = YES;
				IPHONEOS_DEPLOYMENT_TARGET = 15.5;
				MARKETING_VERSION = 1.0;
				PRODUCT_BUNDLE_IDENTIFIER = com.codepath.InstagramTests;
				PRODUCT_NAME = "$(TARGET_NAME)";
				SWIFT_EMIT_LOC_STRINGS = NO;
				TARGETED_DEVICE_FAMILY = "1,2";
				TEST_HOST = "$(BUILT_PRODUCTS_DIR)/Instagram.app/Instagram";
			};
			name = Debug;
		};
		50321024286A531600A0AC3F /* Release */ = {
			isa = XCBuildConfiguration;
			baseConfigurationReference = A9AC763E256B7A6E6E92CC49 /* Pods-InstagramTests.release.xcconfig */;
			buildSettings = {
				BUNDLE_LOADER = "$(TEST_HOST)";
				CODE_SIGN_STYLE = Automatic;
				CURRENT_PROJECT_VERSION = 1;
				DEVELOPMENT_TEAM = X7RG9A85CS;
				GENERATE_INFOPLIST_FILE = YES;
				IPHONEOS_DEPLOYMENT_TARGET = 15.5;
				MARKETING_VERSION = 1.0;
				PRODUCT_BUNDLE_IDENTIFIER = com.codepath.InstagramTests;
				PRODUCT_NAME = "$(TARGET_NAME)";
				SWIFT_EMIT_LOC_STRINGS = NO;
				TARGETED_DEVICE_FAMILY = "1,2";
				TEST_HOST = "$(BUILT_PRODUCTS_DIR)/Instagram.app/Instagram";
			};
			name = Release;
		};
		50321026286A531600A0AC3F /* Debug */ = {
			isa = XCBuildConfiguration;
			baseConfigurationReference = 0DF3C8458133F3CCFB1977A4 /* Pods-Instagram-InstagramUITests.debug.xcconfig */;
			buildSettings = {
				CODE_SIGN_STYLE = Automatic;
				CURRENT_PROJECT_VERSION = 1;
				DEVELOPMENT_TEAM = X7RG9A85CS;
				GENERATE_INFOPLIST_FILE = YES;
				MARKETING_VERSION = 1.0;
				PRODUCT_BUNDLE_IDENTIFIER = com.codepath.InstagramUITests;
				PRODUCT_NAME = "$(TARGET_NAME)";
				SWIFT_EMIT_LOC_STRINGS = NO;
				TARGETED_DEVICE_FAMILY = "1,2";
				TEST_TARGET_NAME = Instagram;
			};
			name = Debug;
		};
		50321027286A531600A0AC3F /* Release */ = {
			isa = XCBuildConfiguration;
			baseConfigurationReference = 4DC7789F24060379B0815385 /* Pods-Instagram-InstagramUITests.release.xcconfig */;
			buildSettings = {
				CODE_SIGN_STYLE = Automatic;
				CURRENT_PROJECT_VERSION = 1;
				DEVELOPMENT_TEAM = X7RG9A85CS;
				GENERATE_INFOPLIST_FILE = YES;
				MARKETING_VERSION = 1.0;
				PRODUCT_BUNDLE_IDENTIFIER = com.codepath.InstagramUITests;
				PRODUCT_NAME = "$(TARGET_NAME)";
				SWIFT_EMIT_LOC_STRINGS = NO;
				TARGETED_DEVICE_FAMILY = "1,2";
				TEST_TARGET_NAME = Instagram;
			};
			name = Release;
		};
/* End XCBuildConfiguration section */

/* Begin XCConfigurationList section */
		50320FEB286A531500A0AC3F /* Build configuration list for PBXProject "Instagram" */ = {
			isa = XCConfigurationList;
			buildConfigurations = (
				5032101D286A531600A0AC3F /* Debug */,
				5032101E286A531600A0AC3F /* Release */,
			);
			defaultConfigurationIsVisible = 0;
			defaultConfigurationName = Release;
		};
		5032101F286A531600A0AC3F /* Build configuration list for PBXNativeTarget "Instagram" */ = {
			isa = XCConfigurationList;
			buildConfigurations = (
				50321020286A531600A0AC3F /* Debug */,
				50321021286A531600A0AC3F /* Release */,
			);
			defaultConfigurationIsVisible = 0;
			defaultConfigurationName = Release;
		};
		50321022286A531600A0AC3F /* Build configuration list for PBXNativeTarget "InstagramTests" */ = {
			isa = XCConfigurationList;
			buildConfigurations = (
				50321023286A531600A0AC3F /* Debug */,
				50321024286A531600A0AC3F /* Release */,
			);
			defaultConfigurationIsVisible = 0;
			defaultConfigurationName = Release;
		};
		50321025286A531600A0AC3F /* Build configuration list for PBXNativeTarget "InstagramUITests" */ = {
			isa = XCConfigurationList;
			buildConfigurations = (
				50321026286A531600A0AC3F /* Debug */,
				50321027286A531600A0AC3F /* Release */,
			);
			defaultConfigurationIsVisible = 0;
			defaultConfigurationName = Release;
		};
/* End XCConfigurationList section */
	};
	rootObject = 50320FE8286A531500A0AC3F /* Project object */;
}
